<?xml version="1.0" encoding="utf-8"?>
<Project ToolsVersion="4.0" xmlns="http://schemas.microsoft.com/developer/msbuild/2003">
  <ItemGroup>
    <ClCompile Include="main.cpp" />
    <ClCompile Include="pch.cpp" />
    <ClCompile Include="dllload.cpp" />
    <ClCompile Include="Filehelper.cpp" />
  </ItemGroup>
  <ItemGroup>
    <ClInclude Include="pch.h" />
    <ClInclude Include="..\..\..\..\SharedContent\models\SqueezeNet.h" />
    <ClInclude Include="Filehelper.h" />
  </ItemGroup>
  <ItemGroup>
    <None Include="packages.config" />
  </ItemGroup>
  <ItemGroup>
    <Text Include="readme.txt" />
  </ItemGroup>
  <ItemGroup>
    <Filter Include="SharedContent">
      <UniqueIdentifier>{397953d2-fcfa-440a-bf21-f7e8e088b7d2}</UniqueIdentifier>
    </Filter>
  </ItemGroup>
  <ItemGroup>
    <CopyFileToFolders Include="..\..\..\..\SharedContent\models\SqueezeNet.onnx">
      <Filter>SharedContent</Filter>
    </CopyFileToFolders>
    <CopyFileToFolders Include="..\..\..\..\SharedContent\media\kitten_224.png">
      <Filter>SharedContent</Filter>
    </CopyFileToFolders>
    <CopyFileToFolders Include="Labels.txt">
      <Filter>SharedContent</Filter>
    </CopyFileToFolders>
  </ItemGroup>
</Project>