
Microsoft Visual Studio Solution File, Format Version 12.00
# Visual Studio 15
VisualStudioVersion = 15.0.27130.2036
MinimumVisualStudioVersion = 10.0.40219.1
Project("{FAE04EC0-301F-11D3-BF4B-00C04F79EFBC}") = "WinMLExplorer", "WinMLExplorer\WinMLExplorer.csproj", "{FAE2AB09-07F6-4BB8-B142-8810D961D57C}"
EndProject
Global
	GlobalSection(SolutionConfigurationPlatforms) = preSolution
		Debug|ARM = Debug|ARM
		Debug|x64 = Debug|x64
		Debug|x86 = Debug|x86
		Release|ARM = Release|ARM
		Release|x64 = Release|x64
		Release|x86 = Release|x86
	EndGlobalSection
	GlobalSection(ProjectConfigurationPlatforms) = postSolution
		{FAE2AB09-07F6-4BB8-B142-8810D961D57C}.Debug|ARM.ActiveCfg = Debug|ARM
		{FAE2AB09-07F6-4BB8-B142-8810D961D57C}.Debug|ARM.Build.0 = Debug|ARM
		{FAE2AB09-07F6-4BB8-B142-8810D961D57C}.Debug|ARM.Deploy.0 = Debug|ARM
		{FAE2AB09-07F6-4BB8-B142-8810D961D57C}.Debug|x64.ActiveCfg = Debug|x64
		{FAE2AB09-07F6-4BB8-B142-8810D961D57C}.Debug|x64.Build.0 = Debug|x64
		{FAE2AB09-07F6-4BB8-B142-8810D961D57C}.Debug|x64.Deploy.0 = Debug|x64
		{FAE2AB09-07F6-4BB8-B142-8810D961D57C}.Debug|x86.ActiveCfg = Debug|x86
		{FAE2AB09-07F6-4BB8-B142-8810D961D57C}.Debug|x86.Build.0 = Debug|x86
		{FAE2AB09-07F6-4BB8-B142-8810D961D57C}.Debug|x86.Deploy.0 = Debug|x86
		{FAE2AB09-07F6-4BB8-B142-8810D961D57C}.Release|ARM.ActiveCfg = Release|ARM
		{FAE2AB09-07F6-4BB8-B142-8810D961D57C}.Release|ARM.Build.0 = Release|ARM
		{FAE2AB09-07F6-4BB8-B142-8810D961D57C}.Release|ARM.Deploy.0 = Release|ARM
		{FAE2AB09-07F6-4BB8-B142-8810D961D57C}.Release|x64.ActiveCfg = Release|x64
		{FAE2AB09-07F6-4BB8-B142-8810D961D57C}.Release|x64.Build.0 = Release|x64
		{FAE2AB09-07F6-4BB8-B142-8810D961D57C}.Release|x64.Deploy.0 = Release|x64
		{FAE2AB09-07F6-4BB8-B142-8810D961D57C}.Release|x86.ActiveCfg = Release|x86
		{FAE2AB09-07F6-4BB8-B142-8810D961D57C}.Release|x86.Build.0 = Release|x86
		{FAE2AB09-07F6-4BB8-B142-8810D961D57C}.Release|x86.Deploy.0 = Release|x86
	EndGlobalSection
	GlobalSection(SolutionProperties) = preSolution
		HideSolutionNode = FALSE
	EndGlobalSection
	GlobalSection(ExtensibilityGlobals) = postSolution
		SolutionGuid = {C89A6E82-DB42-438C-8B30-AAC06101D53D}
	EndGlobalSection
EndGlobal
