<?xml version="1.0" encoding="utf-8"?>
<Project ToolsVersion="4.0" xmlns="http://schemas.microsoft.com/developer/msbuild/2003">
  <ItemGroup>
    <ClCompile Include="AdapterList.cpp" />
    <ClCompile Include="Capture.cpp" />
    <ClCompile Include="D3D12Quad.cpp" />
    <ClCompile Include="DXResourceBinding.cpp" />
    <ClCompile Include="EncryptedModels.cpp" />
    <ClCompile Include="External\CSampleQueue.cpp" />
    <ClCompile Include="External\utils.cpp" />
    <ClCompile Include="OpenCVImage.cpp" />
    <ClCompile Include="ORTHelpers.cpp" />
    <ClCompile Include="pch.cpp" />
    <ClCompile Include="$(GeneratedFilesDir)module.g.cpp" />
    <ClCompile Include="PreviewWnd.cpp" />
    <ClCompile Include="SegmentModel.cpp" />
    <ClCompile Include="StreamEffect.cpp" />
    <ClCompile Include="TransformAsync.cpp" />
    <ClCompile Include="TransformAsync_IMFAsyncCallback.cpp" />
    <ClCompile Include="TransformAsync_IMFMediaEventGenerator.cpp" />
    <ClCompile Include="TransformAsync_IMFShutdown.cpp" />
    <ClCompile Include="TransformAsync_IMFTransform.cpp" />
    <ClCompile Include="TransformAsync_IMFVideoSampleAllocatorNotify.cpp" />
    <ClCompile Include="Win32Application.cpp" />
  </ItemGroup>
  <ItemGroup>
    <ClInclude Include="AdapterList.h" />
    <ClInclude Include="Capture.h" />
    <ClInclude Include="common.h" />
    <ClInclude Include="D3D12Quad.h" />
    <ClInclude Include="d3dx12.h" />
    <ClInclude Include="DXResourceBinding.h" />
    <ClInclude Include="EncryptedModels.h" />
    <ClInclude Include="External\common.h" />
    <ClInclude Include="External\CSampleQueue.h" />
    <ClInclude Include="External\logging.h" />
    <ClInclude Include="External\logmediatype.h" />
    <ClInclude Include="External\pch.h" />
    <ClInclude Include="External\trace.h" />
    <ClInclude Include="OpenCVImage.h" />
    <ClInclude Include="ORTHelpers.h" />
    <ClInclude Include="pch.h" />
    <ClInclude Include="RandomAccessStream.h" />
    <ClInclude Include="resource.h" />
    <ClInclude Include="SegmentModel.h" />
    <ClInclude Include="StreamEffect.h" />
    <ClInclude Include="TransformAsync.h" />
    <ClInclude Include="stdafx.h" />
    <ClInclude Include="WeakBuffer.h" />
    <ClInclude Include="Win32Application.h" />
  </ItemGroup>
  <ItemGroup>
    <CustomBuild Include="shaders.hlsl" />
  </ItemGroup>
  <ItemGroup>
    <ResourceCompile Include="Resource.rc" />
  </ItemGroup>
  <ItemGroup>
    <Midl Include="WinMLSamplesGalleryNative.idl" />
  </ItemGroup>
  <ItemGroup>
    <None Include="datafile.bin" />
    <None Include="encrypted.onnx" />
    <None Include="packages.config" />
    <None Include="squeezenet1.1-7-batched.onnx" />
    <None Include="squeezenet1.1-7.onnx" />
    <None Include="WinMLSamplesGalleryNative.def" />
    <None Include="PropertySheet.props" />
    <None Include="$(MSBuildThisFileDirectory)..\..\runtimes\win-x64\native\onnxruntime.dll" />
  </ItemGroup>
  <ItemGroup>
    <Text Include="readme.txt" />
  </ItemGroup>
</Project>