
Microsoft Visual Studio Solution File, Format Version 12.00
# Visual Studio 15
VisualStudioVersion = 15.0.28302.56
MinimumVisualStudioVersion = 10.0.40219.1
Project("{8BC9CEB8-8B4A-11D0-8D11-00A0C91BC942}") = "AdapterSelection", "AdapterSelection\cpp\AdapterSelection.vcxproj", "{2E115EFB-F7EC-444E-A555-507D55A89BC9}"
EndProject
Project("{8BC9CEB8-8B4A-11D0-8D11-00A0C91BC942}") = "AdapterSelectionTest", "AdapterSelectionTest\AdapterSelectionTest.vcxproj", "{5D062D17-5950-40B8-AD5B-970C95AE1E3C}"
EndProject
Global
	GlobalSection(SolutionConfigurationPlatforms) = preSolution
		Debug|x64 = Debug|x64
		Debug|x86 = Debug|x86
		Release|x64 = Release|x64
		Release|x86 = Release|x86
	EndGlobalSection
	GlobalSection(ProjectConfigurationPlatforms) = postSolution
		{2E115EFB-F7EC-444E-A555-507D55A89BC9}.Debug|x64.ActiveCfg = Debug|x64
		{2E115EFB-F7EC-444E-A555-507D55A89BC9}.Debug|x64.Build.0 = Debug|x64
		{2E115EFB-F7EC-444E-A555-507D55A89BC9}.Debug|x86.ActiveCfg = Debug|Win32
		{2E115EFB-F7EC-444E-A555-507D55A89BC9}.Debug|x86.Build.0 = Debug|Win32
		{2E115EFB-F7EC-444E-A555-507D55A89BC9}.Release|x64.ActiveCfg = Release|x64
		{2E115EFB-F7EC-444E-A555-507D55A89BC9}.Release|x64.Build.0 = Release|x64
		{2E115EFB-F7EC-444E-A555-507D55A89BC9}.Release|x86.ActiveCfg = Release|Win32
		{2E115EFB-F7EC-444E-A555-507D55A89BC9}.Release|x86.Build.0 = Release|Win32
		{5D062D17-5950-40B8-AD5B-970C95AE1E3C}.Debug|x64.ActiveCfg = Debug|x64
		{5D062D17-5950-40B8-AD5B-970C95AE1E3C}.Debug|x64.Build.0 = Debug|x64
		{5D062D17-5950-40B8-AD5B-970C95AE1E3C}.Debug|x86.ActiveCfg = Debug|Win32
		{5D062D17-5950-40B8-AD5B-970C95AE1E3C}.Debug|x86.Build.0 = Debug|Win32
		{5D062D17-5950-40B8-AD5B-970C95AE1E3C}.Release|x64.ActiveCfg = Release|x64
		{5D062D17-5950-40B8-AD5B-970C95AE1E3C}.Release|x64.Build.0 = Release|x64
		{5D062D17-5950-40B8-AD5B-970C95AE1E3C}.Release|x86.ActiveCfg = Release|Win32
		{5D062D17-5950-40B8-AD5B-970C95AE1E3C}.Release|x86.Build.0 = Release|Win32
	EndGlobalSection
	GlobalSection(SolutionProperties) = preSolution
		HideSolutionNode = FALSE
	EndGlobalSection
	GlobalSection(ExtensibilityGlobals) = postSolution
		SolutionGuid = {4D5B6D98-02B9-4CD6-9BDB-42914DDC5017}
	EndGlobalSection
EndGlobal
