
Microsoft Visual Studio Solution File, Format Version 12.00
# Visual Studio Version 16
VisualStudioVersion = 16.0.30204.135
MinimumVisualStudioVersion = 10.0.40219.1
Project("{8BC9CEB8-8B4A-11D0-8D11-00A0C91BC942}") = "RuntimeComponent2", "RuntimeComponent2.vcxproj", "{E9C60C87-553F-406B-892E-1F827A31930D}"
EndProject
Global
	GlobalSection(SolutionConfigurationPlatforms) = preSolution
		Debug|ARM = Debug|ARM
		Debug|ARM64 = Debug|ARM64
		Debug|x64 = Debug|x64
		Debug|x86 = Debug|x86
		Release|ARM = Release|ARM
		Release|ARM64 = Release|ARM64
		Release|x64 = Release|x64
		Release|x86 = Release|x86
	EndGlobalSection
	GlobalSection(ProjectConfigurationPlatforms) = postSolution
		{E9C60C87-553F-406B-892E-1F827A31930D}.Debug|ARM.ActiveCfg = Debug|ARM
		{E9C60C87-553F-406B-892E-1F827A31930D}.Debug|ARM.Build.0 = Debug|ARM
		{E9C60C87-553F-406B-892E-1F827A31930D}.Debug|ARM64.ActiveCfg = Debug|ARM64
		{E9C60C87-553F-406B-892E-1F827A31930D}.Debug|ARM64.Build.0 = Debug|ARM64
		{E9C60C87-553F-406B-892E-1F827A31930D}.Debug|x64.ActiveCfg = Debug|x64
		{E9C60C87-553F-406B-892E-1F827A31930D}.Debug|x64.Build.0 = Debug|x64
		{E9C60C87-553F-406B-892E-1F827A31930D}.Debug|x86.ActiveCfg = Debug|Win32
		{E9C60C87-553F-406B-892E-1F827A31930D}.Debug|x86.Build.0 = Debug|Win32
		{E9C60C87-553F-406B-892E-1F827A31930D}.Release|ARM.ActiveCfg = Release|ARM
		{E9C60C87-553F-406B-892E-1F827A31930D}.Release|ARM.Build.0 = Release|ARM
		{E9C60C87-553F-406B-892E-1F827A31930D}.Release|ARM64.ActiveCfg = Release|ARM64
		{E9C60C87-553F-406B-892E-1F827A31930D}.Release|ARM64.Build.0 = Release|ARM64
		{E9C60C87-553F-406B-892E-1F827A31930D}.Release|x64.ActiveCfg = Release|x64
		{E9C60C87-553F-406B-892E-1F827A31930D}.Release|x64.Build.0 = Release|x64
		{E9C60C87-553F-406B-892E-1F827A31930D}.Release|x86.ActiveCfg = Release|Win32
		{E9C60C87-553F-406B-892E-1F827A31930D}.Release|x86.Build.0 = Release|Win32
	EndGlobalSection
	GlobalSection(SolutionProperties) = preSolution
		HideSolutionNode = FALSE
	EndGlobalSection
	GlobalSection(ExtensibilityGlobals) = postSolution
		SolutionGuid = {532AD8CE-938B-49E3-BF7A-3EC67367D8B0}
	EndGlobalSection
EndGlobal
