<?xml version="1.0" encoding="utf-8"?>
<Project ToolsVersion="4.0" xmlns="http://schemas.microsoft.com/developer/msbuild/2003">
  <ItemGroup>
    <Filter Include="Header Files">
      <UniqueIdentifier>{31b26841-ffc7-4d8d-8f9d-e140f152f310}</UniqueIdentifier>
    </Filter>
    <Filter Include="Source Files">
      <UniqueIdentifier>{f8ddbed6-cc6c-4733-963a-1ef0d62e279c}</UniqueIdentifier>
    </Filter>
    <Filter Include="Content">
      <UniqueIdentifier>{6c426d8c-4127-4bbd-921b-b58ad38f7ccd}</UniqueIdentifier>
    </Filter>
  </ItemGroup>
  <ItemGroup>
    <ClInclude Include="pch.h">
      <Filter>Header Files</Filter>
    </ClInclude>
  </ItemGroup>
  <ItemGroup>
    <ClCompile Include="main.cpp">
      <Filter>Source Files</Filter>
    </ClCompile>
  </ItemGroup>
  <ItemGroup>
    <CopyFileToFolders Include=".\kitten_224.png">
      <Filter>Content</Filter>
    </CopyFileToFolders>
    <CopyFileToFolders Include=".\SqueezeNet_fp16.onnx">
      <Filter>Content</Filter>
    </CopyFileToFolders>
    <CopyFileToFolders Include="Labels.txt">
      <Filter>Content</Filter>
    </CopyFileToFolders>
  </ItemGroup>
</Project>