
Microsoft Visual Studio Solution File, Format Version 12.00
# Visual Studio 15
VisualStudioVersion = 15.0.27004.2005
MinimumVisualStudioVersion = 10.0.40219.1
Project("{8BC9CEB8-8B4A-11D0-8D11-00A0C91BC942}") = "WinMLRunnerTest", "..\..\Testing\WinMLRunnerTest\WinMLRunnerTest.vcxproj", "{E9D4AC92-8295-4FB4-BF7D-3FAF74B564E8}"
	ProjectSection(ProjectDependencies) = postProject
		{31653A2F-02CC-4A95-9880-BF86965FB262} = {31653A2F-02CC-4A95-9880-BF86965FB262}
		{C3BCBEA1-90E6-426F-88AC-64C274BCEF45} = {C3BCBEA1-90E6-426F-88AC-64C274BCEF45}
	EndProjectSection
EndProject
Project("{8BC9CEB8-8B4A-11D0-8D11-00A0C91BC942}") = "WinMLRunner", "WinMLRunner.vcxproj", "{31653A2F-02CC-4A95-9880-BF86965FB262}"
EndProject
Project("{8BC9CEB8-8B4A-11D0-8D11-00A0C91BC942}") = "WinMLRunnerStaticLib", "WinMLRunnerStaticLib.vcxproj", "{C3BCBEA1-90E6-426F-88AC-64C274BCEF45}"
EndProject
Project("{8BC9CEB8-8B4A-11D0-8D11-00A0C91BC942}") = "WinMLRunnerScenarios", "WinMLRunnerScenarios.vcxproj", "{C174D45D-C189-475B-B1A7-494939EE7491}"
EndProject
Global
	GlobalSection(SolutionConfigurationPlatforms) = preSolution
		Debug_Inbox|x64 = Debug_Inbox|x64
		Debug_Inbox|x86 = Debug_Inbox|x86
		Debug_Nuget|x64 = Debug_Nuget|x64
		Debug_Nuget|x86 = Debug_Nuget|x86
		Release_Inbox|x64 = Release_Inbox|x64
		Release_Inbox|x86 = Release_Inbox|x86
		Release_Nuget|x64 = Release_Nuget|x64
		Release_Nuget|x86 = Release_Nuget|x86
	EndGlobalSection
	GlobalSection(ProjectConfigurationPlatforms) = postSolution
		{E9D4AC92-8295-4FB4-BF7D-3FAF74B564E8}.Debug_Inbox|x64.ActiveCfg = Debug|x64
		{E9D4AC92-8295-4FB4-BF7D-3FAF74B564E8}.Debug_Inbox|x64.Build.0 = Debug|x64
		{E9D4AC92-8295-4FB4-BF7D-3FAF74B564E8}.Debug_Inbox|x86.ActiveCfg = Debug|Win32
		{E9D4AC92-8295-4FB4-BF7D-3FAF74B564E8}.Debug_Inbox|x86.Build.0 = Debug|Win32
		{E9D4AC92-8295-4FB4-BF7D-3FAF74B564E8}.Debug_Nuget|x64.ActiveCfg = Debug_Nuget|x64
		{E9D4AC92-8295-4FB4-BF7D-3FAF74B564E8}.Debug_Nuget|x64.Build.0 = Debug_Nuget|x64
		{E9D4AC92-8295-4FB4-BF7D-3FAF74B564E8}.Debug_Nuget|x86.ActiveCfg = Debug_Nuget|Win32
		{E9D4AC92-8295-4FB4-BF7D-3FAF74B564E8}.Debug_Nuget|x86.Build.0 = Debug_Nuget|Win32
		{E9D4AC92-8295-4FB4-BF7D-3FAF74B564E8}.Release_Inbox|x64.ActiveCfg = Release|x64
		{E9D4AC92-8295-4FB4-BF7D-3FAF74B564E8}.Release_Inbox|x64.Build.0 = Release|x64
		{E9D4AC92-8295-4FB4-BF7D-3FAF74B564E8}.Release_Inbox|x86.ActiveCfg = Release|Win32
		{E9D4AC92-8295-4FB4-BF7D-3FAF74B564E8}.Release_Inbox|x86.Build.0 = Release|Win32
		{E9D4AC92-8295-4FB4-BF7D-3FAF74B564E8}.Release_Nuget|x64.ActiveCfg = Release_Nuget|x64
		{E9D4AC92-8295-4FB4-BF7D-3FAF74B564E8}.Release_Nuget|x64.Build.0 = Release_Nuget|x64
		{E9D4AC92-8295-4FB4-BF7D-3FAF74B564E8}.Release_Nuget|x86.ActiveCfg = Release_Nuget|Win32
		{E9D4AC92-8295-4FB4-BF7D-3FAF74B564E8}.Release_Nuget|x86.Build.0 = Release_Nuget|Win32
		{31653A2F-02CC-4A95-9880-BF86965FB262}.Debug_Inbox|x64.ActiveCfg = Debug|x64
		{31653A2F-02CC-4A95-9880-BF86965FB262}.Debug_Inbox|x64.Build.0 = Debug|x64
		{31653A2F-02CC-4A95-9880-BF86965FB262}.Debug_Inbox|x86.ActiveCfg = Debug|Win32
		{31653A2F-02CC-4A95-9880-BF86965FB262}.Debug_Inbox|x86.Build.0 = Debug|Win32
		{31653A2F-02CC-4A95-9880-BF86965FB262}.Debug_Nuget|x64.ActiveCfg = Debug_Nuget|x64
		{31653A2F-02CC-4A95-9880-BF86965FB262}.Debug_Nuget|x64.Build.0 = Debug_Nuget|x64
		{31653A2F-02CC-4A95-9880-BF86965FB262}.Debug_Nuget|x86.ActiveCfg = Debug_Nuget|Win32
		{31653A2F-02CC-4A95-9880-BF86965FB262}.Debug_Nuget|x86.Build.0 = Debug_Nuget|Win32
		{31653A2F-02CC-4A95-9880-BF86965FB262}.Release_Inbox|x64.ActiveCfg = Release|x64
		{31653A2F-02CC-4A95-9880-BF86965FB262}.Release_Inbox|x64.Build.0 = Release|x64
		{31653A2F-02CC-4A95-9880-BF86965FB262}.Release_Inbox|x86.ActiveCfg = Release|Win32
		{31653A2F-02CC-4A95-9880-BF86965FB262}.Release_Inbox|x86.Build.0 = Release|Win32
		{31653A2F-02CC-4A95-9880-BF86965FB262}.Release_Nuget|x64.ActiveCfg = Release_Nuget|x64
		{31653A2F-02CC-4A95-9880-BF86965FB262}.Release_Nuget|x64.Build.0 = Release_Nuget|x64
		{31653A2F-02CC-4A95-9880-BF86965FB262}.Release_Nuget|x86.ActiveCfg = Release_Nuget|Win32
		{31653A2F-02CC-4A95-9880-BF86965FB262}.Release_Nuget|x86.Build.0 = Release_Nuget|Win32
		{C3BCBEA1-90E6-426F-88AC-64C274BCEF45}.Debug_Inbox|x64.ActiveCfg = Debug|x64
		{C3BCBEA1-90E6-426F-88AC-64C274BCEF45}.Debug_Inbox|x64.Build.0 = Debug|x64
		{C3BCBEA1-90E6-426F-88AC-64C274BCEF45}.Debug_Inbox|x86.ActiveCfg = Debug|Win32
		{C3BCBEA1-90E6-426F-88AC-64C274BCEF45}.Debug_Inbox|x86.Build.0 = Debug|Win32
		{C3BCBEA1-90E6-426F-88AC-64C274BCEF45}.Debug_Nuget|x64.ActiveCfg = Debug_Nuget|x64
		{C3BCBEA1-90E6-426F-88AC-64C274BCEF45}.Debug_Nuget|x64.Build.0 = Debug_Nuget|x64
		{C3BCBEA1-90E6-426F-88AC-64C274BCEF45}.Debug_Nuget|x86.ActiveCfg = Debug_Nuget|Win32
		{C3BCBEA1-90E6-426F-88AC-64C274BCEF45}.Debug_Nuget|x86.Build.0 = Debug_Nuget|Win32
		{C3BCBEA1-90E6-426F-88AC-64C274BCEF45}.Release_Inbox|x64.ActiveCfg = Release|x64
		{C3BCBEA1-90E6-426F-88AC-64C274BCEF45}.Release_Inbox|x64.Build.0 = Release|x64
		{C3BCBEA1-90E6-426F-88AC-64C274BCEF45}.Release_Inbox|x86.ActiveCfg = Release|Win32
		{C3BCBEA1-90E6-426F-88AC-64C274BCEF45}.Release_Inbox|x86.Build.0 = Release|Win32
		{C3BCBEA1-90E6-426F-88AC-64C274BCEF45}.Release_Nuget|x64.ActiveCfg = Release_Nuget|x64
		{C3BCBEA1-90E6-426F-88AC-64C274BCEF45}.Release_Nuget|x64.Build.0 = Release_Nuget|x64
		{C3BCBEA1-90E6-426F-88AC-64C274BCEF45}.Release_Nuget|x86.ActiveCfg = Release_Nuget|Win32
		{C3BCBEA1-90E6-426F-88AC-64C274BCEF45}.Release_Nuget|x86.Build.0 = Release_Nuget|Win32
		{C174D45D-C189-475B-B1A7-494939EE7491}.Debug_Inbox|x64.ActiveCfg = Debug|x64
		{C174D45D-C189-475B-B1A7-494939EE7491}.Debug_Inbox|x64.Build.0 = Debug|x64
		{C174D45D-C189-475B-B1A7-494939EE7491}.Debug_Inbox|x86.ActiveCfg = Debug|Win32
		{C174D45D-C189-475B-B1A7-494939EE7491}.Debug_Inbox|x86.Build.0 = Debug|Win32
		{C174D45D-C189-475B-B1A7-494939EE7491}.Debug_Nuget|x64.ActiveCfg = Debug_Nuget|x64
		{C174D45D-C189-475B-B1A7-494939EE7491}.Debug_Nuget|x64.Build.0 = Debug_Nuget|x64
		{C174D45D-C189-475B-B1A7-494939EE7491}.Debug_Nuget|x86.ActiveCfg = Debug_Nuget|Win32
		{C174D45D-C189-475B-B1A7-494939EE7491}.Debug_Nuget|x86.Build.0 = Debug_Nuget|Win32
		{C174D45D-C189-475B-B1A7-494939EE7491}.Release_Inbox|x64.ActiveCfg = Release|x64
		{C174D45D-C189-475B-B1A7-494939EE7491}.Release_Inbox|x64.Build.0 = Release|x64
		{C174D45D-C189-475B-B1A7-494939EE7491}.Release_Inbox|x86.ActiveCfg = Release|Win32
		{C174D45D-C189-475B-B1A7-494939EE7491}.Release_Inbox|x86.Build.0 = Release|Win32
		{C174D45D-C189-475B-B1A7-494939EE7491}.Release_Nuget|x64.ActiveCfg = Release_Nuget|x64
		{C174D45D-C189-475B-B1A7-494939EE7491}.Release_Nuget|x64.Build.0 = Release_Nuget|x64
		{C174D45D-C189-475B-B1A7-494939EE7491}.Release_Nuget|x86.ActiveCfg = Release_Nuget|Win32
		{C174D45D-C189-475B-B1A7-494939EE7491}.Release_Nuget|x86.Build.0 = Release_Nuget|Win32
	EndGlobalSection
	GlobalSection(SolutionProperties) = preSolution
		HideSolutionNode = FALSE
	EndGlobalSection
	GlobalSection(ExtensibilityGlobals) = postSolution
		SolutionGuid = {D193B2D4-1FF5-4E14-9334-E5EF4C8F9069}
	EndGlobalSection
EndGlobal
