
Microsoft Visual Studio Solution File, Format Version 12.00
# Visual Studio 15
VisualStudioVersion = 15.0.27004.2005
MinimumVisualStudioVersion = 10.0.40219.1
Project("{8BC9CEB8-8B4A-11D0-8D11-00A0C91BC942}") = "WinMLRunner", "WinMLRunner.vcxproj", "{81EA9CC6-8A26-4583-B1A4-84740EF815C8}"
EndProject
Project("{8BC9CEB8-8B4A-11D0-8D11-00A0C91BC942}") = "WinMLRunnerTest", "..\..\Testing\WinMLRunnerTest\WinMLRunnerTest.vcxproj", "{E9D4AC92-8295-4FB4-BF7D-3FAF74B564E8}"
	ProjectSection(ProjectDependencies) = postProject
		{81EA9CC6-8A26-4583-B1A4-84740EF815C8} = {81EA9CC6-8A26-4583-B1A4-84740EF815C8}
	EndProjectSection
EndProject
Project("{FAE04EC0-301F-11D3-BF4B-00C04F79EFBC}") = "ClassLibrary1", "..\ClassLibrary1\ClassLibrary1.csproj", "{12E5A5A7-E32C-4D2E-84DC-E937BE0A9DA8}"
EndProject
Global
	GlobalSection(SolutionConfigurationPlatforms) = preSolution
		Debug|Any CPU = Debug|Any CPU
		Debug|ARM64 = Debug|ARM64
		Debug|x64 = Debug|x64
		Debug|x86 = Debug|x86
		Release|Any CPU = Release|Any CPU
		Release|ARM64 = Release|ARM64
		Release|x64 = Release|x64
		Release|x86 = Release|x86
	EndGlobalSection
	GlobalSection(ProjectConfigurationPlatforms) = postSolution
		{81EA9CC6-8A26-4583-B1A4-84740EF815C8}.Debug|Any CPU.ActiveCfg = Debug|Win32
		{81EA9CC6-8A26-4583-B1A4-84740EF815C8}.Debug|ARM64.ActiveCfg = Debug|ARM64
		{81EA9CC6-8A26-4583-B1A4-84740EF815C8}.Debug|ARM64.Build.0 = Debug|ARM64
		{81EA9CC6-8A26-4583-B1A4-84740EF815C8}.Debug|x64.ActiveCfg = Debug|x64
		{81EA9CC6-8A26-4583-B1A4-84740EF815C8}.Debug|x64.Build.0 = Debug|x64
		{81EA9CC6-8A26-4583-B1A4-84740EF815C8}.Debug|x86.ActiveCfg = Debug|Win32
		{81EA9CC6-8A26-4583-B1A4-84740EF815C8}.Debug|x86.Build.0 = Debug|Win32
		{81EA9CC6-8A26-4583-B1A4-84740EF815C8}.Release|Any CPU.ActiveCfg = Release|Win32
		{81EA9CC6-8A26-4583-B1A4-84740EF815C8}.Release|ARM64.ActiveCfg = Release|ARM64
		{81EA9CC6-8A26-4583-B1A4-84740EF815C8}.Release|ARM64.Build.0 = Release|ARM64
		{81EA9CC6-8A26-4583-B1A4-84740EF815C8}.Release|x64.ActiveCfg = Release|x64
		{81EA9CC6-8A26-4583-B1A4-84740EF815C8}.Release|x64.Build.0 = Release|x64
		{81EA9CC6-8A26-4583-B1A4-84740EF815C8}.Release|x86.ActiveCfg = Release|Win32
		{81EA9CC6-8A26-4583-B1A4-84740EF815C8}.Release|x86.Build.0 = Release|Win32
		{E9D4AC92-8295-4FB4-BF7D-3FAF74B564E8}.Debug|Any CPU.ActiveCfg = Debug|Win32
		{E9D4AC92-8295-4FB4-BF7D-3FAF74B564E8}.Debug|ARM64.ActiveCfg = Debug|Win32
		{E9D4AC92-8295-4FB4-BF7D-3FAF74B564E8}.Debug|x64.ActiveCfg = Debug|x64
		{E9D4AC92-8295-4FB4-BF7D-3FAF74B564E8}.Debug|x64.Build.0 = Debug|x64
		{E9D4AC92-8295-4FB4-BF7D-3FAF74B564E8}.Debug|x86.ActiveCfg = Debug|Win32
		{E9D4AC92-8295-4FB4-BF7D-3FAF74B564E8}.Debug|x86.Build.0 = Debug|Win32
		{E9D4AC92-8295-4FB4-BF7D-3FAF74B564E8}.Release|Any CPU.ActiveCfg = Release|Win32
		{E9D4AC92-8295-4FB4-BF7D-3FAF74B564E8}.Release|ARM64.ActiveCfg = Release|Win32
		{E9D4AC92-8295-4FB4-BF7D-3FAF74B564E8}.Release|x64.ActiveCfg = Release|x64
		{E9D4AC92-8295-4FB4-BF7D-3FAF74B564E8}.Release|x64.Build.0 = Release|x64
		{E9D4AC92-8295-4FB4-BF7D-3FAF74B564E8}.Release|x86.ActiveCfg = Release|Win32
		{E9D4AC92-8295-4FB4-BF7D-3FAF74B564E8}.Release|x86.Build.0 = Release|Win32
		{12E5A5A7-E32C-4D2E-84DC-E937BE0A9DA8}.Debug|Any CPU.ActiveCfg = Debug|Any CPU
		{12E5A5A7-E32C-4D2E-84DC-E937BE0A9DA8}.Debug|Any CPU.Build.0 = Debug|Any CPU
		{12E5A5A7-E32C-4D2E-84DC-E937BE0A9DA8}.Debug|ARM64.ActiveCfg = Debug|Any CPU
		{12E5A5A7-E32C-4D2E-84DC-E937BE0A9DA8}.Debug|ARM64.Build.0 = Debug|Any CPU
		{12E5A5A7-E32C-4D2E-84DC-E937BE0A9DA8}.Debug|x64.ActiveCfg = Debug|Any CPU
		{12E5A5A7-E32C-4D2E-84DC-E937BE0A9DA8}.Debug|x64.Build.0 = Debug|Any CPU
		{12E5A5A7-E32C-4D2E-84DC-E937BE0A9DA8}.Debug|x86.ActiveCfg = Debug|Any CPU
		{12E5A5A7-E32C-4D2E-84DC-E937BE0A9DA8}.Debug|x86.Build.0 = Debug|Any CPU
		{12E5A5A7-E32C-4D2E-84DC-E937BE0A9DA8}.Release|Any CPU.ActiveCfg = Release|Any CPU
		{12E5A5A7-E32C-4D2E-84DC-E937BE0A9DA8}.Release|Any CPU.Build.0 = Release|Any CPU
		{12E5A5A7-E32C-4D2E-84DC-E937BE0A9DA8}.Release|ARM64.ActiveCfg = Release|Any CPU
		{12E5A5A7-E32C-4D2E-84DC-E937BE0A9DA8}.Release|ARM64.Build.0 = Release|Any CPU
		{12E5A5A7-E32C-4D2E-84DC-E937BE0A9DA8}.Release|x64.ActiveCfg = Release|Any CPU
		{12E5A5A7-E32C-4D2E-84DC-E937BE0A9DA8}.Release|x64.Build.0 = Release|Any CPU
		{12E5A5A7-E32C-4D2E-84DC-E937BE0A9DA8}.Release|x86.ActiveCfg = Release|Any CPU
		{12E5A5A7-E32C-4D2E-84DC-E937BE0A9DA8}.Release|x86.Build.0 = Release|Any CPU
	EndGlobalSection
	GlobalSection(SolutionProperties) = preSolution
		HideSolutionNode = FALSE
	EndGlobalSection
	GlobalSection(ExtensibilityGlobals) = postSolution
		SolutionGuid = {D193B2D4-1FF5-4E14-9334-E5EF4C8F9069}
	EndGlobalSection
EndGlobal
