
Microsoft Visual Studio Solution File, Format Version 12.00
# Visual Studio 15
VisualStudioVersion = 15.0.27004.2005
MinimumVisualStudioVersion = 10.0.40219.1
Project("{8BC9CEB8-8B4A-11D0-8D11-00A0C91BC942}") = "WinMLRunner", "WinMLRunner.vcxproj", "{81EA9CC6-8A26-4583-B1A4-84740EF815C8}"
EndProject
Global
	GlobalSection(SolutionConfigurationPlatforms) = preSolution
		Debug|x64 = Debug|x64
		Debug|x86 = Debug|x86
		Release|x64 = Release|x64
		Release|x86 = Release|x86
	EndGlobalSection
	GlobalSection(ProjectConfigurationPlatforms) = postSolution
		{81EA9CC6-8A26-4583-B1A4-84740EF815C8}.Debug|x64.ActiveCfg = Debug|x64
		{81EA9CC6-8A26-4583-B1A4-84740EF815C8}.Debug|x64.Build.0 = Debug|x64
		{81EA9CC6-8A26-4583-B1A4-84740EF815C8}.Debug|x86.ActiveCfg = Debug|Win32
		{81EA9CC6-8A26-4583-B1A4-84740EF815C8}.Debug|x86.Build.0 = Debug|Win32
		{81EA9CC6-8A26-4583-B1A4-84740EF815C8}.Release|x64.ActiveCfg = Release|x64
		{81EA9CC6-8A26-4583-B1A4-84740EF815C8}.Release|x64.Build.0 = Release|x64
		{81EA9CC6-8A26-4583-B1A4-84740EF815C8}.Release|x86.ActiveCfg = Release|Win32
		{81EA9CC6-8A26-4583-B1A4-84740EF815C8}.Release|x86.Build.0 = Release|Win32
	EndGlobalSection
	GlobalSection(SolutionProperties) = preSolution
		HideSolutionNode = FALSE
	EndGlobalSection
	GlobalSection(ExtensibilityGlobals) = postSolution
		SolutionGuid = {D193B2D4-1FF5-4E14-9334-E5EF4C8F9069}
	EndGlobalSection
EndGlobal
