<?xml version="1.0" encoding="utf-8"?>
<Project ToolsVersion="4.0" xmlns="http://schemas.microsoft.com/developer/msbuild/2003">
  <ItemGroup>
    <ClCompile Include="src/CommandLineArgs.cpp">
      <Filter>Source Files</Filter>
    </ClCompile>
    <ClCompile Include="src/Filehelper.cpp">
      <Filter>Source Files</Filter>
    </ClCompile>
    <ClCompile Include="src/Run.cpp">
      <Filter>Source Files</Filter>
    </ClCompile>
    <ClCompile Include="src\LearningModelDeviceHelper.cpp">
      <Filter>Source Files</Filter>
    </ClCompile>
    <ClCompile Include="src\BindingUtilities.cpp">
      <Filter>Source Files</Filter>
    </ClCompile>
    <ClCompile Include="src\OutputHelper.cpp">
      <Filter>Source Files</Filter>
    </ClCompile>
  </ItemGroup>
  <ItemGroup>
    <ClInclude Include="src/BindingUtilities.h">
      <Filter>Header Files</Filter>
    </ClInclude>
    <ClInclude Include="src/CommandLineArgs.h">
      <Filter>Header Files</Filter>
    </ClInclude>
    <ClInclude Include="src/Common.h">
      <Filter>Header Files</Filter>
    </ClInclude>
    <ClInclude Include="src/Filehelper.h">
      <Filter>Header Files</Filter>
    </ClInclude>
    <ClInclude Include="src/OutputHelper.h">
      <Filter>Header Files</Filter>
    </ClInclude>
    <ClInclude Include="src/TimerHelper.h">
      <Filter>Header Files</Filter>
    </ClInclude>
    <ClInclude Include="src/TypeHelper.h">
      <Filter>Header Files</Filter>
    </ClInclude>
    <ClInclude Include="src/Run.h">
      <Filter>Header Files</Filter>
    </ClInclude>
    <ClInclude Include="src\LearningModelDeviceHelper.h">
      <Filter>Header Files</Filter>
    </ClInclude>
  </ItemGroup>
  <ItemGroup>
    <Filter Include="Header Files">
      <UniqueIdentifier>{0faf5ad4-1778-4f7c-b5a4-d0af1692b1e2}</UniqueIdentifier>
    </Filter>
    <Filter Include="Source Files">
      <UniqueIdentifier>{50101483-1f70-4657-bdeb-edbb6b1d0aaf}</UniqueIdentifier>
    </Filter>
  </ItemGroup>
  <ItemGroup>
    <None Include="packages.config" />
  </ItemGroup>
</Project>