
Microsoft Visual Studio Solution File, Format Version 12.00
# Visual Studio Version 16
VisualStudioVersion = 16.0.31729.503
MinimumVisualStudioVersion = 10.0.40219.1
Project("{8BC9CEB8-8B4A-11D0-8D11-00A0C91BC942}") = "DX11VideoRenderer", "DX11VideoRenderer.vcxproj", "{ED9D0263-0454-4C86-967B-BEEB81B8330B}"
EndProject
Global
	GlobalSection(SolutionConfigurationPlatforms) = preSolution
		Debug|Win32 = Debug|Win32
		Debug|x64 = Debug|x64
		Release|Win32 = Release|Win32
		Release|x64 = Release|x64
	EndGlobalSection
	GlobalSection(ProjectConfigurationPlatforms) = postSolution
		{ED9D0263-0454-4C86-967B-BEEB81B8330B}.Debug|Win32.ActiveCfg = Release|Win32
		{ED9D0263-0454-4C86-967B-BEEB81B8330B}.Debug|Win32.Build.0 = Release|Win32
		{ED9D0263-0454-4C86-967B-BEEB81B8330B}.Debug|x64.ActiveCfg = Debug|x64
		{ED9D0263-0454-4C86-967B-BEEB81B8330B}.Debug|x64.Build.0 = Debug|x64
		{ED9D0263-0454-4C86-967B-BEEB81B8330B}.Release|Win32.ActiveCfg = Release|Win32
		{ED9D0263-0454-4C86-967B-BEEB81B8330B}.Release|Win32.Build.0 = Release|Win32
		{ED9D0263-0454-4C86-967B-BEEB81B8330B}.Release|x64.ActiveCfg = Debug|x64
		{ED9D0263-0454-4C86-967B-BEEB81B8330B}.Release|x64.Build.0 = Debug|x64
	EndGlobalSection
	GlobalSection(SolutionProperties) = preSolution
		HideSolutionNode = FALSE
	EndGlobalSection
	GlobalSection(ExtensibilityGlobals) = postSolution
		SolutionGuid = {6F11A558-643A-4061-815F-1535A55192A9}
	EndGlobalSection
EndGlobal
