
Microsoft Visual Studio Solution File, Format Version 12.00
# Visual Studio 15
VisualStudioVersion = 15.0.28010.2016
MinimumVisualStudioVersion = 10.0.40219.1
Project("{FAE04EC0-301F-11D3-BF4B-00C04F79EFBC}") = "MnistTest", "MnistTest\MnistTest.csproj", "{277AD74B-39F6-40F7-AA69-95BBFAE637C1}"
EndProject
Project("{FAE04EC0-301F-11D3-BF4B-00C04F79EFBC}") = "SqueezenetTest", "SqueezenetTest\SqueezenetTest.csproj", "{CA25D143-A70C-42D2-B48E-FD4A12890DE6}"
EndProject
Global
	GlobalSection(SolutionConfigurationPlatforms) = preSolution
		Debug|Any CPU = Debug|Any CPU
		Release|Any CPU = Release|Any CPU
	EndGlobalSection
	GlobalSection(ProjectConfigurationPlatforms) = postSolution
		{277AD74B-39F6-40F7-AA69-95BBFAE637C1}.Debug|Any CPU.ActiveCfg = Debug|Any CPU
		{277AD74B-39F6-40F7-AA69-95BBFAE637C1}.Debug|Any CPU.Build.0 = Debug|Any CPU
		{277AD74B-39F6-40F7-AA69-95BBFAE637C1}.Release|Any CPU.ActiveCfg = Release|Any CPU
		{277AD74B-39F6-40F7-AA69-95BBFAE637C1}.Release|Any CPU.Build.0 = Release|Any CPU
		{CA25D143-A70C-42D2-B48E-FD4A12890DE6}.Debug|Any CPU.ActiveCfg = Debug|Any CPU
		{CA25D143-A70C-42D2-B48E-FD4A12890DE6}.Debug|Any CPU.Build.0 = Debug|Any CPU
		{CA25D143-A70C-42D2-B48E-FD4A12890DE6}.Release|Any CPU.ActiveCfg = Release|Any CPU
		{CA25D143-A70C-42D2-B48E-FD4A12890DE6}.Release|Any CPU.Build.0 = Release|Any CPU
	EndGlobalSection
	GlobalSection(SolutionProperties) = preSolution
		HideSolutionNode = FALSE
	EndGlobalSection
	GlobalSection(ExtensibilityGlobals) = postSolution
		SolutionGuid = {31ABB70D-C2B8-4019-9DEA-42BC40F7D8EC}
	EndGlobalSection
EndGlobal
