
Microsoft Visual Studio Solution File, Format Version 12.00
# Visual Studio 15
VisualStudioVersion = 15.0.28307.1209
MinimumVisualStudioVersion = 10.0.40219.1
Project("{8BC9CEB8-8B4A-11D0-8D11-00A0C91BC942}") = "StyleTransferEffectComponent", "StyleTransferEffectComponent.vcxproj", "{05DFFB01-62C4-458C-BE13-7A97E8583E43}"
EndProject
Project("{8BC9CEB8-8B4A-11D0-8D11-00A0C91BC942}") = "SampleSharedLib", "..\..\..\SampleSharedLib\SampleSharedLib\SampleSharedLib.vcxproj", "{12103A5B-677A-4286-83D2-54EAB9010C16}"
EndProject
Project("{8BC9CEB8-8B4A-11D0-8D11-00A0C91BC942}") = "DrawSoftwareBiitmapFromText", "C:\Users\Ryan\source\repos\DrawSoftwareBiitmapFromText\DrawSoftwareBiitmapFromText\DrawSoftwareBiitmapFromText.vcxproj", "{9646A886-DAD1-4874-A2B8-03839B66D053}"
EndProject
Global
	GlobalSection(SolutionConfigurationPlatforms) = preSolution
		Debug|ARM = Debug|ARM
		Debug|ARM64 = Debug|ARM64
		Debug|x64 = Debug|x64
		Debug|x86 = Debug|x86
		Release|ARM = Release|ARM
		Release|ARM64 = Release|ARM64
		Release|x64 = Release|x64
		Release|x86 = Release|x86
	EndGlobalSection
	GlobalSection(ProjectConfigurationPlatforms) = postSolution
		{05DFFB01-62C4-458C-BE13-7A97E8583E43}.Debug|ARM.ActiveCfg = Debug|ARM
		{05DFFB01-62C4-458C-BE13-7A97E8583E43}.Debug|ARM.Build.0 = Debug|ARM
		{05DFFB01-62C4-458C-BE13-7A97E8583E43}.Debug|ARM64.ActiveCfg = Debug|ARM64
		{05DFFB01-62C4-458C-BE13-7A97E8583E43}.Debug|ARM64.Build.0 = Debug|ARM64
		{05DFFB01-62C4-458C-BE13-7A97E8583E43}.Debug|x64.ActiveCfg = Debug|x64
		{05DFFB01-62C4-458C-BE13-7A97E8583E43}.Debug|x64.Build.0 = Debug|x64
		{05DFFB01-62C4-458C-BE13-7A97E8583E43}.Debug|x86.ActiveCfg = Debug|x64
		{05DFFB01-62C4-458C-BE13-7A97E8583E43}.Debug|x86.Build.0 = Debug|x64
		{05DFFB01-62C4-458C-BE13-7A97E8583E43}.Release|ARM.ActiveCfg = Release|ARM
		{05DFFB01-62C4-458C-BE13-7A97E8583E43}.Release|ARM.Build.0 = Release|ARM
		{05DFFB01-62C4-458C-BE13-7A97E8583E43}.Release|ARM64.ActiveCfg = Release|ARM64
		{05DFFB01-62C4-458C-BE13-7A97E8583E43}.Release|ARM64.Build.0 = Release|ARM64
		{05DFFB01-62C4-458C-BE13-7A97E8583E43}.Release|x64.ActiveCfg = Release|x64
		{05DFFB01-62C4-458C-BE13-7A97E8583E43}.Release|x64.Build.0 = Release|x64
		{05DFFB01-62C4-458C-BE13-7A97E8583E43}.Release|x86.ActiveCfg = Release|Win32
		{05DFFB01-62C4-458C-BE13-7A97E8583E43}.Release|x86.Build.0 = Release|Win32
		{12103A5B-677A-4286-83D2-54EAB9010C16}.Debug|ARM.ActiveCfg = Debug|Win32
		{12103A5B-677A-4286-83D2-54EAB9010C16}.Debug|ARM64.ActiveCfg = Debug|Win32
		{12103A5B-677A-4286-83D2-54EAB9010C16}.Debug|x64.ActiveCfg = Debug|x64
		{12103A5B-677A-4286-83D2-54EAB9010C16}.Debug|x64.Build.0 = Debug|x64
		{12103A5B-677A-4286-83D2-54EAB9010C16}.Debug|x86.ActiveCfg = Debug|Win32
		{12103A5B-677A-4286-83D2-54EAB9010C16}.Debug|x86.Build.0 = Debug|Win32
		{12103A5B-677A-4286-83D2-54EAB9010C16}.Release|ARM.ActiveCfg = Release|Win32
		{12103A5B-677A-4286-83D2-54EAB9010C16}.Release|ARM64.ActiveCfg = Release|Win32
		{12103A5B-677A-4286-83D2-54EAB9010C16}.Release|x64.ActiveCfg = Release|x64
		{12103A5B-677A-4286-83D2-54EAB9010C16}.Release|x64.Build.0 = Release|x64
		{12103A5B-677A-4286-83D2-54EAB9010C16}.Release|x86.ActiveCfg = Release|Win32
		{12103A5B-677A-4286-83D2-54EAB9010C16}.Release|x86.Build.0 = Release|Win32
		{9646A886-DAD1-4874-A2B8-03839B66D053}.Debug|ARM.ActiveCfg = Debug|Win32
		{9646A886-DAD1-4874-A2B8-03839B66D053}.Debug|ARM64.ActiveCfg = Debug|Win32
		{9646A886-DAD1-4874-A2B8-03839B66D053}.Debug|x64.ActiveCfg = Debug|x64
		{9646A886-DAD1-4874-A2B8-03839B66D053}.Debug|x64.Build.0 = Debug|x64
		{9646A886-DAD1-4874-A2B8-03839B66D053}.Debug|x86.ActiveCfg = Debug|Win32
		{9646A886-DAD1-4874-A2B8-03839B66D053}.Debug|x86.Build.0 = Debug|Win32
		{9646A886-DAD1-4874-A2B8-03839B66D053}.Release|ARM.ActiveCfg = Release|Win32
		{9646A886-DAD1-4874-A2B8-03839B66D053}.Release|ARM64.ActiveCfg = Release|Win32
		{9646A886-DAD1-4874-A2B8-03839B66D053}.Release|x64.ActiveCfg = Release|x64
		{9646A886-DAD1-4874-A2B8-03839B66D053}.Release|x64.Build.0 = Release|x64
		{9646A886-DAD1-4874-A2B8-03839B66D053}.Release|x86.ActiveCfg = Release|Win32
		{9646A886-DAD1-4874-A2B8-03839B66D053}.Release|x86.Build.0 = Release|Win32
	EndGlobalSection
	GlobalSection(SolutionProperties) = preSolution
		HideSolutionNode = FALSE
	EndGlobalSection
	GlobalSection(ExtensibilityGlobals) = postSolution
		SolutionGuid = {8A18F7EA-C460-45F3-BCE0-B57500570575}
	EndGlobalSection
EndGlobal
