
Microsoft Visual Studio Solution File, Format Version 12.00
# Visual Studio Version 16
VisualStudioVersion = 16.0.30204.135
MinimumVisualStudioVersion = 10.0.40219.1
Project("{FAE04EC0-301F-11D3-BF4B-00C04F79EFBC}") = "StyleTransferEffectComponent", "StyleTransferEffectComponent.csproj", "{62925583-4D02-451E-9A72-27B12B66712C}"
EndProject
Project("{2150E333-8FDC-42A3-9474-1A3956D46DE8}") = "Assets", "Assets", "{72021C36-D8E7-4038-87C6-C235DCD6AE2E}"
	ProjectSection(SolutionItems) = preProject
		..\..\FNSCandyStyleTransfer\UWP\cs\Assets\candy.onnx = ..\..\FNSCandyStyleTransfer\UWP\cs\Assets\candy.onnx
		..\..\FNSCandyStyleTransfer\UWP\cs\Assets\la_muse.onnx = ..\..\FNSCandyStyleTransfer\UWP\cs\Assets\la_muse.onnx
		..\..\FNSCandyStyleTransfer\UWP\cs\Assets\mosaic.onnx = ..\..\FNSCandyStyleTransfer\UWP\cs\Assets\mosaic.onnx
		..\..\FNSCandyStyleTransfer\UWP\cs\Assets\udnie.onnx = ..\..\FNSCandyStyleTransfer\UWP\cs\Assets\udnie.onnx
	EndProjectSection
EndProject
Global
	GlobalSection(SolutionConfigurationPlatforms) = preSolution
		Debug|Any CPU = Debug|Any CPU
		Debug|ARM = Debug|ARM
		Debug|ARM64 = Debug|ARM64
		Debug|x64 = Debug|x64
		Debug|x86 = Debug|x86
		Release|Any CPU = Release|Any CPU
		Release|ARM = Release|ARM
		Release|ARM64 = Release|ARM64
		Release|x64 = Release|x64
		Release|x86 = Release|x86
	EndGlobalSection
	GlobalSection(ProjectConfigurationPlatforms) = postSolution
		{62925583-4D02-451E-9A72-27B12B66712C}.Debug|Any CPU.ActiveCfg = Debug|Any CPU
		{62925583-4D02-451E-9A72-27B12B66712C}.Debug|Any CPU.Build.0 = Debug|Any CPU
		{62925583-4D02-451E-9A72-27B12B66712C}.Debug|ARM.ActiveCfg = Debug|ARM
		{62925583-4D02-451E-9A72-27B12B66712C}.Debug|ARM.Build.0 = Debug|ARM
		{62925583-4D02-451E-9A72-27B12B66712C}.Debug|ARM64.ActiveCfg = Debug|ARM64
		{62925583-4D02-451E-9A72-27B12B66712C}.Debug|ARM64.Build.0 = Debug|ARM64
		{62925583-4D02-451E-9A72-27B12B66712C}.Debug|x64.ActiveCfg = Debug|x64
		{62925583-4D02-451E-9A72-27B12B66712C}.Debug|x64.Build.0 = Debug|x64
		{62925583-4D02-451E-9A72-27B12B66712C}.Debug|x86.ActiveCfg = Debug|x86
		{62925583-4D02-451E-9A72-27B12B66712C}.Debug|x86.Build.0 = Debug|x86
		{62925583-4D02-451E-9A72-27B12B66712C}.Release|Any CPU.ActiveCfg = Release|Any CPU
		{62925583-4D02-451E-9A72-27B12B66712C}.Release|Any CPU.Build.0 = Release|Any CPU
		{62925583-4D02-451E-9A72-27B12B66712C}.Release|ARM.ActiveCfg = Release|ARM
		{62925583-4D02-451E-9A72-27B12B66712C}.Release|ARM.Build.0 = Release|ARM
		{62925583-4D02-451E-9A72-27B12B66712C}.Release|ARM64.ActiveCfg = Release|ARM64
		{62925583-4D02-451E-9A72-27B12B66712C}.Release|ARM64.Build.0 = Release|ARM64
		{62925583-4D02-451E-9A72-27B12B66712C}.Release|x64.ActiveCfg = Release|x64
		{62925583-4D02-451E-9A72-27B12B66712C}.Release|x64.Build.0 = Release|x64
		{62925583-4D02-451E-9A72-27B12B66712C}.Release|x86.ActiveCfg = Release|x86
		{62925583-4D02-451E-9A72-27B12B66712C}.Release|x86.Build.0 = Release|x86
	EndGlobalSection
	GlobalSection(SolutionProperties) = preSolution
		HideSolutionNode = FALSE
	EndGlobalSection
	GlobalSection(ExtensibilityGlobals) = postSolution
		SolutionGuid = {EB162808-B721-4ECD-8580-CB0FCE64DEF3}
	EndGlobalSection
EndGlobal
