
Microsoft Visual Studio Solution File, Format Version 12.00
# Visual Studio 15
VisualStudioVersion = 15.0.26730.15
MinimumVisualStudioVersion = 10.0.40219.1
Project("{FAE04EC0-301F-11D3-BF4B-00C04F79EFBC}") = "MNIST_Demo", "MNIST_Demo.csproj", "{B9DB8CE5-0491-4C2D-BEF7-C25E01EF55E3}"
EndProject
Global
	GlobalSection(SolutionConfigurationPlatforms) = preSolution
		Debug|ARM = Debug|ARM
		Debug|x64 = Debug|x64
		Debug|x86 = Debug|x86
		Release|ARM = Release|ARM
		Release|x64 = Release|x64
		Release|x86 = Release|x86
	EndGlobalSection
	GlobalSection(ProjectConfigurationPlatforms) = postSolution
		{B9DB8CE5-0491-4C2D-BEF7-C25E01EF55E3}.Debug|ARM.ActiveCfg = Debug|ARM
		{B9DB8CE5-0491-4C2D-BEF7-C25E01EF55E3}.Debug|ARM.Build.0 = Debug|ARM
		{B9DB8CE5-0491-4C2D-BEF7-C25E01EF55E3}.Debug|ARM.Deploy.0 = Debug|ARM
		{B9DB8CE5-0491-4C2D-BEF7-C25E01EF55E3}.Debug|x64.ActiveCfg = Debug|x64
		{B9DB8CE5-0491-4C2D-BEF7-C25E01EF55E3}.Debug|x64.Build.0 = Debug|x64
		{B9DB8CE5-0491-4C2D-BEF7-C25E01EF55E3}.Debug|x64.Deploy.0 = Debug|x64
		{B9DB8CE5-0491-4C2D-BEF7-C25E01EF55E3}.Debug|x86.ActiveCfg = Debug|x86
		{B9DB8CE5-0491-4C2D-BEF7-C25E01EF55E3}.Debug|x86.Build.0 = Debug|x86
		{B9DB8CE5-0491-4C2D-BEF7-C25E01EF55E3}.Debug|x86.Deploy.0 = Debug|x86
		{B9DB8CE5-0491-4C2D-BEF7-C25E01EF55E3}.Release|ARM.ActiveCfg = Release|ARM
		{B9DB8CE5-0491-4C2D-BEF7-C25E01EF55E3}.Release|ARM.Build.0 = Release|ARM
		{B9DB8CE5-0491-4C2D-BEF7-C25E01EF55E3}.Release|ARM.Deploy.0 = Release|ARM
		{B9DB8CE5-0491-4C2D-BEF7-C25E01EF55E3}.Release|x64.ActiveCfg = Release|x64
		{B9DB8CE5-0491-4C2D-BEF7-C25E01EF55E3}.Release|x64.Build.0 = Release|x64
		{B9DB8CE5-0491-4C2D-BEF7-C25E01EF55E3}.Release|x64.Deploy.0 = Release|x64
		{B9DB8CE5-0491-4C2D-BEF7-C25E01EF55E3}.Release|x86.ActiveCfg = Release|x86
		{B9DB8CE5-0491-4C2D-BEF7-C25E01EF55E3}.Release|x86.Build.0 = Release|x86
		{B9DB8CE5-0491-4C2D-BEF7-C25E01EF55E3}.Release|x86.Deploy.0 = Release|x86
	EndGlobalSection
	GlobalSection(SolutionProperties) = preSolution
		HideSolutionNode = FALSE
	EndGlobalSection
	GlobalSection(ExtensibilityGlobals) = postSolution
		SolutionGuid = {BB3D3539-591D-4D52-8265-EC73D9933EEB}
	EndGlobalSection
EndGlobal
